
Microsoft Visual Studio Solution File, Format Version 12.00
# Visual Studio Version 17
VisualStudioVersion = 17.3.32922.545
MinimumVisualStudioVersion = 10.0.40219.1
Project("{FAE04EC0-301F-11D3-BF4B-00C04F79EFBC}") = "Widget-CSharp", "Widget-CSharp.csproj", "{91CE2B64-D44D-4485-80AE-F762D261381B}"
EndProject
Global
	GlobalSection(SolutionConfigurationPlatforms) = preSolution
		Debug|Any CPU = Debug|Any CPU
		Release|Any CPU = Release|Any CPU
	EndGlobalSection
	GlobalSection(ProjectConfigurationPlatforms) = postSolution
		{91CE2B64-D44D-4485-80AE-F762D261381B}.Debug|Any CPU.ActiveCfg = Debug|Any CPU
		{91CE2B64-D44D-4485-80AE-F762D261381B}.Debug|Any CPU.Build.0 = Debug|Any CPU
		{91CE2B64-D44D-4485-80AE-F762D261381B}.Release|Any CPU.ActiveCfg = Release|Any CPU
		{91CE2B64-D44D-4485-80AE-F762D261381B}.Release|Any CPU.Build.0 = Release|Any CPU
	EndGlobalSection
	GlobalSection(SolutionProperties) = preSolution
		HideSolutionNode = FALSE
	EndGlobalSection
	GlobalSection(ExtensibilityGlobals) = postSolution
		SolutionGuid = {F1142549-D0A7-491F-BDF1-E1C09039C0F3}
	EndGlobalSection
EndGlobal
